
Microsoft Visual Studio Solution File, Format Version 12.00
# Visual Studio Version 17
VisualStudioVersion = 17.7.34221.43
MinimumVisualStudioVersion = 10.0.40219.1
Project("{8BC9CEB8-8B4A-11D0-8D11-00A0C91BC942}") = "Takei_Janken", "Takei_Janken\Takei_Janken.vcxproj", "{BB956621-87F2-4E6C-A56F-B972DE449DF2}"
EndProject
Global
	GlobalSection(SolutionConfigurationPlatforms) = preSolution
		Debug|x64 = Debug|x64
		Debug|x86 = Debug|x86
		Release|x64 = Release|x64
		Release|x86 = Release|x86
	EndGlobalSection
	GlobalSection(ProjectConfigurationPlatforms) = postSolution
		{BB956621-87F2-4E6C-A56F-B972DE449DF2}.Debug|x64.ActiveCfg = Debug|x64
		{BB956621-87F2-4E6C-A56F-B972DE449DF2}.Debug|x64.Build.0 = Debug|x64
		{BB956621-87F2-4E6C-A56F-B972DE449DF2}.Debug|x86.ActiveCfg = Debug|Win32
		{BB956621-87F2-4E6C-A56F-B972DE449DF2}.Debug|x86.Build.0 = Debug|Win32
		{BB956621-87F2-4E6C-A56F-B972DE449DF2}.Release|x64.ActiveCfg = Release|x64
		{BB956621-87F2-4E6C-A56F-B972DE449DF2}.Release|x64.Build.0 = Release|x64
		{BB956621-87F2-4E6C-A56F-B972DE449DF2}.Release|x86.ActiveCfg = Release|Win32
		{BB956621-87F2-4E6C-A56F-B972DE449DF2}.Release|x86.Build.0 = Release|Win32
	EndGlobalSection
	GlobalSection(SolutionProperties) = preSolution
		HideSolutionNode = FALSE
	EndGlobalSection
	GlobalSection(ExtensibilityGlobals) = postSolution
		SolutionGuid = {CC325AEF-121C-4A1C-A678-9AC13DB9A1B6}
	EndGlobalSection
EndGlobal
